<?xml version="1.0" encoding="utf-8"?>
<Project ToolsVersion="4.0" xmlns="http://schemas.microsoft.com/developer/msbuild/2003">
  <ItemGroup>
    <Filter Include="Resource Files">
      <UniqueIdentifier>{67DA6AB6-F800-4c08-8B7A-83BB121AAD01}</UniqueIdentifier>
      <Extensions>rc;ico;cur;bmp;dlg;rc2;rct;bin;rgs;gif;jpg;jpeg;jpe;resx;tiff;tif;png;wav;mfcribbon-ms</Extensions>
    </Filter>
    <Filter Include="Poly2Tri">
      <UniqueIdentifier>{cd07df16-3b3f-4a97-afc5-abe6607f7300}</UniqueIdentifier>
    </Filter>
    <Filter Include="Geometry">
      <UniqueIdentifier>{06619c65-07b3-4b98-b246-8be1eff2984a}</UniqueIdentifier>
    </Filter>
    <Filter Include="GeometryObject">
      <UniqueIdentifier>{af48bad0-5656-425a-8090-fe81350bd8d4}</UniqueIdentifier>
    </Filter>
    <Filter Include="Main">
      <UniqueIdentifier>{3d3408c6-6558-4440-965a-4536a11016e9}</UniqueIdentifier>
    </Filter>
    <Filter Include="ExportImport">
      <UniqueIdentifier>{4c7ae03f-f490-4c47-bb75-eea14e265bc2}</UniqueIdentifier>
    </Filter>
    <Filter Include="BVH">
      <UniqueIdentifier>{ba309687-8839-4dcf-8f66-46091e99e110}</UniqueIdentifier>
    </Filter>
    <Filter Include="SDF">
      <UniqueIdentifier>{48e0675c-e2e5-4bce-8297-d0c17141603e}</UniqueIdentifier>
    </Filter>
  </ItemGroup>
  <ItemGroup>
    <ClCompile Include="poly2tri\common\shapes.cc">
      <Filter>Poly2Tri</Filter>
    </ClCompile>
    <ClCompile Include="poly2tri\sweep\advancing_front.cc">
      <Filter>Poly2Tri</Filter>
    </ClCompile>
    <ClCompile Include="poly2tri\sweep\cdt.cc">
      <Filter>Poly2Tri</Filter>
    </ClCompile>
    <ClCompile Include="poly2tri\sweep\sweep.cc">
      <Filter>Poly2Tri</Filter>
    </ClCompile>
    <ClCompile Include="poly2tri\sweep\sweep_context.cc">
      <Filter>Poly2Tri</Filter>
    </ClCompile>
    <ClCompile Include="BVH\AABBTree.cpp">
      <Filter>BVH</Filter>
    </ClCompile>
    <ClCompile Include="BVH\Octree.cpp">
      <Filter>BVH</Filter>
    </ClCompile>
    <ClCompile Include="Geometry\Box3.cpp">
      <Filter>Geometry</Filter>
    </ClCompile>
    <ClCompile Include="Geometry\Geometry.cpp">
      <Filter>Geometry</Filter>
    </ClCompile>
    <ClCompile Include="Geometry\Matrix3.cpp">
      <Filter>Geometry</Filter>
    </ClCompile>
    <ClCompile Include="Geometry\Matrix4.cpp">
      <Filter>Geometry</Filter>
    </ClCompile>
    <ClCompile Include="Geometry\Vector3.cpp">
      <Filter>Geometry</Filter>
    </ClCompile>
    <ClCompile Include="Main\main.cpp">
      <Filter>Main</Filter>
    </ClCompile>
    <ClCompile Include="ExportImport\OBJExporter.cpp">
      <Filter>ExportImport</Filter>
    </ClCompile>
    <ClCompile Include="ExportImport\OBJImporter.cpp">
      <Filter>ExportImport</Filter>
    </ClCompile>
    <ClCompile Include="ExportImport\VTKExporter.cpp">
      <Filter>ExportImport</Filter>
    </ClCompile>
    <ClCompile Include="GeometryObject\CubeSphere.cpp">
      <Filter>GeometryObject</Filter>
    </ClCompile>
    <ClCompile Include="GeometryObject\Deform.cpp">
      <Filter>GeometryObject</Filter>
    </ClCompile>
    <ClCompile Include="GeometryObject\Icosphere.cpp">
      <Filter>GeometryObject</Filter>
    </ClCompile>
    <ClCompile Include="GeometryObject\PrimitiveBox.cpp">
      <Filter>GeometryObject</Filter>
    </ClCompile>
    <ClCompile Include="SDF\Grid.cpp">
      <Filter>SDF</Filter>
    </ClCompile>
    <ClCompile Include="SDF\FastSweep3D.cpp">
      <Filter>SDF</Filter>
    </ClCompile>
  </ItemGroup>
  <ItemGroup>
    <ClInclude Include="poly2tri\common\shapes.h">
      <Filter>Poly2Tri</Filter>
    </ClInclude>
    <ClInclude Include="poly2tri\common\utils.h">
      <Filter>Poly2Tri</Filter>
    </ClInclude>
    <ClInclude Include="poly2tri\sweep\advancing_front.h">
      <Filter>Poly2Tri</Filter>
    </ClInclude>
    <ClInclude Include="poly2tri\sweep\cdt.h">
      <Filter>Poly2Tri</Filter>
    </ClInclude>
    <ClInclude Include="poly2tri\sweep\sweep.h">
      <Filter>Poly2Tri</Filter>
    </ClInclude>
    <ClInclude Include="poly2tri\sweep\sweep_context.h">
      <Filter>Poly2Tri</Filter>
    </ClInclude>
    <ClInclude Include="poly2tri\poly2tri.h">
      <Filter>Poly2Tri</Filter>
    </ClInclude>
    <ClInclude Include="BVH\AABBTree.h">
      <Filter>BVH</Filter>
    </ClInclude>
    <ClInclude Include="BVH\Octree.h">
      <Filter>BVH</Filter>
    </ClInclude>
    <ClInclude Include="Geometry\Box3.h">
      <Filter>Geometry</Filter>
    </ClInclude>
    <ClInclude Include="Geometry\Geometry.h">
      <Filter>Geometry</Filter>
    </ClInclude>
    <ClInclude Include="Geometry\Matrix3.h">
      <Filter>Geometry</Filter>
    </ClInclude>
    <ClInclude Include="Geometry\Matrix4.h">
      <Filter>Geometry</Filter>
    </ClInclude>
    <ClInclude Include="Geometry\Vector3.h">
      <Filter>Geometry</Filter>
    </ClInclude>
    <ClInclude Include="ExportImport\OBJExporter.h">
      <Filter>ExportImport</Filter>
    </ClInclude>
    <ClInclude Include="ExportImport\OBJImporter.h">
      <Filter>ExportImport</Filter>
    </ClInclude>
    <ClInclude Include="ExportImport\VTKExporter.h">
      <Filter>ExportImport</Filter>
    </ClInclude>
    <ClInclude Include="GeometryObject\CubeSphere.h">
      <Filter>GeometryObject</Filter>
    </ClInclude>
    <ClInclude Include="GeometryObject\Deform.h">
      <Filter>GeometryObject</Filter>
    </ClInclude>
    <ClInclude Include="GeometryObject\Icosphere.h">
      <Filter>GeometryObject</Filter>
    </ClInclude>
    <ClInclude Include="GeometryObject\PrimitiveBox.h">
      <Filter>GeometryObject</Filter>
    </ClInclude>
    <ClInclude Include="SDF\Grid.h">
      <Filter>SDF</Filter>
    </ClInclude>
    <ClInclude Include="SDF\FastSweep3D.h">
      <Filter>SDF</Filter>
    </ClInclude>
  </ItemGroup>
</Project>